
Microsoft Visual Studio Solution File, Format Version 12.00
# Visual Studio 15
VisualStudioVersion = 15.0.28307.572
MinimumVisualStudioVersion = 10.0.40219.1
Project("{2150E333-8FDC-42A3-9474-1A3956D46DE8}") = "01 - OOP", "01 - OOP", "{4129393F-5E35-49AB-AB6E-07EB9671318D}"
EndProject
Project("{FAE04EC0-301F-11D3-BF4B-00C04F79EFBC}") = "OOP", "src\OOP\OOP.csproj", "{01A74C9C-836D-49F3-8E16-034D027ACC4F}"
EndProject
Global
	GlobalSection(SolutionConfigurationPlatforms) = preSolution
		Debug|Any CPU = Debug|Any CPU
		Release|Any CPU = Release|Any CPU
	EndGlobalSection
	GlobalSection(ProjectConfigurationPlatforms) = postSolution
		{01A74C9C-836D-49F3-8E16-034D027ACC4F}.Debug|Any CPU.ActiveCfg = Debug|Any CPU
		{01A74C9C-836D-49F3-8E16-034D027ACC4F}.Debug|Any CPU.Build.0 = Debug|Any CPU
		{01A74C9C-836D-49F3-8E16-034D027ACC4F}.Release|Any CPU.ActiveCfg = Release|Any CPU
		{01A74C9C-836D-49F3-8E16-034D027ACC4F}.Release|Any CPU.Build.0 = Release|Any CPU
	EndGlobalSection
	GlobalSection(SolutionProperties) = preSolution
		HideSolutionNode = FALSE
	EndGlobalSection
	GlobalSection(NestedProjects) = preSolution
		{01A74C9C-836D-49F3-8E16-034D027ACC4F} = {4129393F-5E35-49AB-AB6E-07EB9671318D}
	EndGlobalSection
	GlobalSection(ExtensibilityGlobals) = postSolution
		SolutionGuid = {96B7FD18-D23D-4B5F-A0C3-C6E284209F6F}
	EndGlobalSection
EndGlobal
