
Microsoft Visual Studio Solution File, Format Version 12.00
# Visual Studio 15
VisualStudioVersion = 15.0.28307.572
MinimumVisualStudioVersion = 10.0.40219.1
Project("{2150E333-8FDC-42A3-9474-1A3956D46DE8}") = "01 - OOP", "01 - OOP", "{4129393F-5E35-49AB-AB6E-07EB9671318D}"
EndProject
Project("{9A19103F-16F7-4668-BE54-9A1E7A4F7556}") = "OOP", "src\OOP\OOP.csproj", "{01A74C9C-836D-49F3-8E16-034D027ACC4F}"
EndProject
Project("{2150E333-8FDC-42A3-9474-1A3956D46DE8}") = "02 - Modificadores", "02 - Modificadores", "{AAF74919-6023-4923-831F-237DAE3F405F}"
EndProject
Project("{9A19103F-16F7-4668-BE54-9A1E7A4F7556}") = "ProjetoA", "src\Modificadores\ProjetoA\ProjetoA.csproj", "{3FA1E6B8-1F72-46DC-B2AF-1D8CBA1868F4}"
EndProject
Project("{9A19103F-16F7-4668-BE54-9A1E7A4F7556}") = "ProjetoB", "src\Modificadores\ProjetoB\ProjetoB.csproj", "{D49AD82C-2C3E-4FE4-8E33-DF6CF3BE3A3A}"
EndProject
Project("{2150E333-8FDC-42A3-9474-1A3956D46DE8}") = "03 - SOLID", "03 - SOLID", "{7A94D8E5-B4B1-4611-8A1A-20B9AC8C9190}"
EndProject
Project("{9A19103F-16F7-4668-BE54-9A1E7A4F7556}") = "SOLID", "src\SOLID\SOLID.csproj", "{8F9DD7BE-CA30-4CAD-AD92-B75FDDE85F8F}"
EndProject
Project("{2150E333-8FDC-42A3-9474-1A3956D46DE8}") = "04 - DI", "04 - DI", "{DBBA3C31-A010-4D24-84E2-7531B7389EC9}"
EndProject
Project("{9A19103F-16F7-4668-BE54-9A1E7A4F7556}") = "DemoDI", "src\DI\DemoDI\DemoDI.csproj", "{CFACC4CB-4555-47D2-84E8-C751B07EDDCE}"
EndProject
Project("{2150E333-8FDC-42A3-9474-1A3956D46DE8}") = "05 - Design Patterns", "05 - Design Patterns", "{C363FF5B-FCEE-4AE0-AC55-9954879D9BE0}"
EndProject
Project("{FAE04EC0-301F-11D3-BF4B-00C04F79EFBC}") = "DesignPatterns", "src\DesignPatterns\DesignPatterns.csproj", "{BA0253F5-5CC6-4606-8BC7-88FCC5D973CF}"
EndProject
Global
	GlobalSection(SolutionConfigurationPlatforms) = preSolution
		Debug|Any CPU = Debug|Any CPU
		Release|Any CPU = Release|Any CPU
	EndGlobalSection
	GlobalSection(ProjectConfigurationPlatforms) = postSolution
		{01A74C9C-836D-49F3-8E16-034D027ACC4F}.Debug|Any CPU.ActiveCfg = Debug|Any CPU
		{01A74C9C-836D-49F3-8E16-034D027ACC4F}.Debug|Any CPU.Build.0 = Debug|Any CPU
		{01A74C9C-836D-49F3-8E16-034D027ACC4F}.Release|Any CPU.ActiveCfg = Release|Any CPU
		{01A74C9C-836D-49F3-8E16-034D027ACC4F}.Release|Any CPU.Build.0 = Release|Any CPU
		{3FA1E6B8-1F72-46DC-B2AF-1D8CBA1868F4}.Debug|Any CPU.ActiveCfg = Debug|Any CPU
		{3FA1E6B8-1F72-46DC-B2AF-1D8CBA1868F4}.Debug|Any CPU.Build.0 = Debug|Any CPU
		{3FA1E6B8-1F72-46DC-B2AF-1D8CBA1868F4}.Release|Any CPU.ActiveCfg = Release|Any CPU
		{3FA1E6B8-1F72-46DC-B2AF-1D8CBA1868F4}.Release|Any CPU.Build.0 = Release|Any CPU
		{D49AD82C-2C3E-4FE4-8E33-DF6CF3BE3A3A}.Debug|Any CPU.ActiveCfg = Debug|Any CPU
		{D49AD82C-2C3E-4FE4-8E33-DF6CF3BE3A3A}.Debug|Any CPU.Build.0 = Debug|Any CPU
		{D49AD82C-2C3E-4FE4-8E33-DF6CF3BE3A3A}.Release|Any CPU.ActiveCfg = Release|Any CPU
		{D49AD82C-2C3E-4FE4-8E33-DF6CF3BE3A3A}.Release|Any CPU.Build.0 = Release|Any CPU
		{8F9DD7BE-CA30-4CAD-AD92-B75FDDE85F8F}.Debug|Any CPU.ActiveCfg = Debug|Any CPU
		{8F9DD7BE-CA30-4CAD-AD92-B75FDDE85F8F}.Debug|Any CPU.Build.0 = Debug|Any CPU
		{8F9DD7BE-CA30-4CAD-AD92-B75FDDE85F8F}.Release|Any CPU.ActiveCfg = Release|Any CPU
		{8F9DD7BE-CA30-4CAD-AD92-B75FDDE85F8F}.Release|Any CPU.Build.0 = Release|Any CPU
		{CFACC4CB-4555-47D2-84E8-C751B07EDDCE}.Debug|Any CPU.ActiveCfg = Debug|Any CPU
		{CFACC4CB-4555-47D2-84E8-C751B07EDDCE}.Debug|Any CPU.Build.0 = Debug|Any CPU
		{CFACC4CB-4555-47D2-84E8-C751B07EDDCE}.Release|Any CPU.ActiveCfg = Release|Any CPU
		{CFACC4CB-4555-47D2-84E8-C751B07EDDCE}.Release|Any CPU.Build.0 = Release|Any CPU
		{BA0253F5-5CC6-4606-8BC7-88FCC5D973CF}.Debug|Any CPU.ActiveCfg = Debug|Any CPU
		{BA0253F5-5CC6-4606-8BC7-88FCC5D973CF}.Debug|Any CPU.Build.0 = Debug|Any CPU
		{BA0253F5-5CC6-4606-8BC7-88FCC5D973CF}.Release|Any CPU.ActiveCfg = Release|Any CPU
		{BA0253F5-5CC6-4606-8BC7-88FCC5D973CF}.Release|Any CPU.Build.0 = Release|Any CPU
	EndGlobalSection
	GlobalSection(SolutionProperties) = preSolution
		HideSolutionNode = FALSE
	EndGlobalSection
	GlobalSection(NestedProjects) = preSolution
		{01A74C9C-836D-49F3-8E16-034D027ACC4F} = {4129393F-5E35-49AB-AB6E-07EB9671318D}
		{3FA1E6B8-1F72-46DC-B2AF-1D8CBA1868F4} = {AAF74919-6023-4923-831F-237DAE3F405F}
		{D49AD82C-2C3E-4FE4-8E33-DF6CF3BE3A3A} = {AAF74919-6023-4923-831F-237DAE3F405F}
		{8F9DD7BE-CA30-4CAD-AD92-B75FDDE85F8F} = {7A94D8E5-B4B1-4611-8A1A-20B9AC8C9190}
		{CFACC4CB-4555-47D2-84E8-C751B07EDDCE} = {DBBA3C31-A010-4D24-84E2-7531B7389EC9}
		{BA0253F5-5CC6-4606-8BC7-88FCC5D973CF} = {C363FF5B-FCEE-4AE0-AC55-9954879D9BE0}
	EndGlobalSection
	GlobalSection(ExtensibilityGlobals) = postSolution
		SolutionGuid = {96B7FD18-D23D-4B5F-A0C3-C6E284209F6F}
	EndGlobalSection
EndGlobal
